
Microsoft Visual Studio Solution File, Format Version 12.00
# Visual Studio Version 17
VisualStudioVersion = 17.4.33205.214
MinimumVisualStudioVersion = 10.0.40219.1
Project("{FAE04EC0-301F-11D3-BF4B-00C04F79EFBC}") = "SelfDrivingCar", "SelfDrivingCar\SelfDrivingCar.csproj", "{1518E10E-904E-489A-8E30-F8F12A69D5A9}"
EndProject
Global
	GlobalSection(SolutionConfigurationPlatforms) = preSolution
		Debug|Any CPU = Debug|Any CPU
		Release|Any CPU = Release|Any CPU
	EndGlobalSection
	GlobalSection(ProjectConfigurationPlatforms) = postSolution
		{1518E10E-904E-489A-8E30-F8F12A69D5A9}.Debug|Any CPU.ActiveCfg = Debug|Any CPU
		{1518E10E-904E-489A-8E30-F8F12A69D5A9}.Debug|Any CPU.Build.0 = Debug|Any CPU
		{1518E10E-904E-489A-8E30-F8F12A69D5A9}.Release|Any CPU.ActiveCfg = Release|Any CPU
		{1518E10E-904E-489A-8E30-F8F12A69D5A9}.Release|Any CPU.Build.0 = Release|Any CPU
	EndGlobalSection
	GlobalSection(SolutionProperties) = preSolution
		HideSolutionNode = FALSE
	EndGlobalSection
	GlobalSection(ExtensibilityGlobals) = postSolution
		SolutionGuid = {8A5EAAF8-0135-4028-BE5F-9E348C94C43B}
	EndGlobalSection
EndGlobal
